
Microsoft Visual Studio Solution File, Format Version 12.00
# Visual Studio 15
VisualStudioVersion = 15.0.26730.15
MinimumVisualStudioVersion = 10.0.40219.1
Project("{FAE04EC0-301F-11D3-BF4B-00C04F79EFBC}") = "Quiron.LojaVirtual.Dominio", "Quiron.LojaVirtual.Dominio\Quiron.LojaVirtual.Dominio.csproj", "{B9EBCC24-B2FF-49B7-BDF2-5926068A7A47}"
EndProject
Project("{FAE04EC0-301F-11D3-BF4B-00C04F79EFBC}") = "Quiron.LojaVirtual.Web", "Quiron.LojaVirtual.Web\Quiron.LojaVirtual.Web.csproj", "{1CBB0C61-958F-443F-8036-88382D264C71}"
EndProject
Project("{FAE04EC0-301F-11D3-BF4B-00C04F79EFBC}") = "Quiron.LojaVirtual.UnitTest", "Quiron.LojaVirtual.UnitTest\Quiron.LojaVirtual.UnitTest.csproj", "{219FE763-3A8A-4CD1-8692-9FB5E5EFF9EE}"
EndProject
Global
	GlobalSection(SolutionConfigurationPlatforms) = preSolution
		Debug|Any CPU = Debug|Any CPU
		Release|Any CPU = Release|Any CPU
	EndGlobalSection
	GlobalSection(ProjectConfigurationPlatforms) = postSolution
		{B9EBCC24-B2FF-49B7-BDF2-5926068A7A47}.Debug|Any CPU.ActiveCfg = Debug|Any CPU
		{B9EBCC24-B2FF-49B7-BDF2-5926068A7A47}.Debug|Any CPU.Build.0 = Debug|Any CPU
		{B9EBCC24-B2FF-49B7-BDF2-5926068A7A47}.Release|Any CPU.ActiveCfg = Release|Any CPU
		{B9EBCC24-B2FF-49B7-BDF2-5926068A7A47}.Release|Any CPU.Build.0 = Release|Any CPU
		{1CBB0C61-958F-443F-8036-88382D264C71}.Debug|Any CPU.ActiveCfg = Debug|Any CPU
		{1CBB0C61-958F-443F-8036-88382D264C71}.Debug|Any CPU.Build.0 = Debug|Any CPU
		{1CBB0C61-958F-443F-8036-88382D264C71}.Release|Any CPU.ActiveCfg = Release|Any CPU
		{1CBB0C61-958F-443F-8036-88382D264C71}.Release|Any CPU.Build.0 = Release|Any CPU
		{219FE763-3A8A-4CD1-8692-9FB5E5EFF9EE}.Debug|Any CPU.ActiveCfg = Debug|Any CPU
		{219FE763-3A8A-4CD1-8692-9FB5E5EFF9EE}.Debug|Any CPU.Build.0 = Debug|Any CPU
		{219FE763-3A8A-4CD1-8692-9FB5E5EFF9EE}.Release|Any CPU.ActiveCfg = Release|Any CPU
		{219FE763-3A8A-4CD1-8692-9FB5E5EFF9EE}.Release|Any CPU.Build.0 = Release|Any CPU
	EndGlobalSection
	GlobalSection(SolutionProperties) = preSolution
		HideSolutionNode = FALSE
	EndGlobalSection
	GlobalSection(ExtensibilityGlobals) = postSolution
		SolutionGuid = {9F94A666-7684-4B99-848F-D0E072A3C12A}
	EndGlobalSection
EndGlobal
